
Microsoft Visual Studio Solution File, Format Version 12.00
# Visual Studio 14
VisualStudioVersion = 14.0.25123.0
MinimumVisualStudioVersion = 10.0.40219.1
Project("{FAE04EC0-301F-11D3-BF4B-00C04F79EFBC}") = "WeatherData", "WeatherData\WeatherData.csproj", "{E93B92CA-DF32-490F-B128-16913BE94DF9}"
EndProject
Project("{FAE04EC0-301F-11D3-BF4B-00C04F79EFBC}") = "UnitTestProject", "UnitTestProject\UnitTestProject.csproj", "{2AE0311F-74E1-45AE-83F2-78D03F045F9E}"
EndProject
Global
	GlobalSection(SolutionConfigurationPlatforms) = preSolution
		Debug|Any CPU = Debug|Any CPU
		Release|Any CPU = Release|Any CPU
	EndGlobalSection
	GlobalSection(ProjectConfigurationPlatforms) = postSolution
		{E93B92CA-DF32-490F-B128-16913BE94DF9}.Debug|Any CPU.ActiveCfg = Debug|Any CPU
		{E93B92CA-DF32-490F-B128-16913BE94DF9}.Debug|Any CPU.Build.0 = Debug|Any CPU
		{E93B92CA-DF32-490F-B128-16913BE94DF9}.Release|Any CPU.ActiveCfg = Release|Any CPU
		{E93B92CA-DF32-490F-B128-16913BE94DF9}.Release|Any CPU.Build.0 = Release|Any CPU
		{2AE0311F-74E1-45AE-83F2-78D03F045F9E}.Debug|Any CPU.ActiveCfg = Debug|Any CPU
		{2AE0311F-74E1-45AE-83F2-78D03F045F9E}.Debug|Any CPU.Build.0 = Debug|Any CPU
		{2AE0311F-74E1-45AE-83F2-78D03F045F9E}.Release|Any CPU.ActiveCfg = Release|Any CPU
		{2AE0311F-74E1-45AE-83F2-78D03F045F9E}.Release|Any CPU.Build.0 = Release|Any CPU
	EndGlobalSection
	GlobalSection(SolutionProperties) = preSolution
		HideSolutionNode = FALSE
	EndGlobalSection
EndGlobal
